// !$*UTF8*$!
{
	archiveVersion = 1;
	classes = {
	};
	objectVersion = 56;
	objects = {

/* Begin PBXBuildFile section */
		3020E98B2AFFBE9A001C918D /* AddWishCell.swift in Sources */ = {isa = PBXBuildFile; fileRef = 3020E98A2AFFBE9A001C918D /* AddWishCell.swift */; };
		302E28B82B726EDE00FDA2E2 /* WishCalendarViewController.swift in Sources */ = {isa = PBXBuildFile; fileRef = 302E28B72B726EDE00FDA2E2 /* WishCalendarViewController.swift */; };
		302E28BA2B728E0300FDA2E2 /* WishEventCell.swift in Sources */ = {isa = PBXBuildFile; fileRef = 302E28B92B728E0300FDA2E2 /* WishEventCell.swift */; };
		302E28BC2B72905F00FDA2E2 /* WishEventModel.swift in Sources */ = {isa = PBXBuildFile; fileRef = 302E28BB2B72905F00FDA2E2 /* WishEventModel.swift */; };
		302E28C02B729E7F00FDA2E2 /* CalendarEventModel.swift in Sources */ = {isa = PBXBuildFile; fileRef = 302E28BF2B729E7F00FDA2E2 /* CalendarEventModel.swift */; };
		302E28C22B729EAE00FDA2E2 /* CalendarManaging.swift in Sources */ = {isa = PBXBuildFile; fileRef = 302E28C12B729EAE00FDA2E2 /* CalendarManaging.swift */; };
		302E28C42B729ED900FDA2E2 /* CalendarManager.swift in Sources */ = {isa = PBXBuildFile; fileRef = 302E28C32B729ED900FDA2E2 /* CalendarManager.swift */; };
		302E28C62B72A74C00FDA2E2 /* AddEventCell.swift in Sources */ = {isa = PBXBuildFile; fileRef = 302E28C52B72A74C00FDA2E2 /* AddEventCell.swift */; };
		302E28C82B72A77800FDA2E2 /* WishEventCreationView.swift in Sources */ = {isa = PBXBuildFile; fileRef = 302E28C72B72A77800FDA2E2 /* WishEventCreationView.swift */; };
		302E28D22B72DC0700FDA2E2 /* Eventsmodel.xcdatamodeld in Sources */ = {isa = PBXBuildFile; fileRef = 302E28D02B72DC0700FDA2E2 /* Eventsmodel.xcdatamodeld */; };
		306C7DD72ACB2201000615F1 /* AppDelegate.swift in Sources */ = {isa = PBXBuildFile; fileRef = 306C7DD62ACB2201000615F1 /* AppDelegate.swift */; };
		306C7DD92ACB2201000615F1 /* SceneDelegate.swift in Sources */ = {isa = PBXBuildFile; fileRef = 306C7DD82ACB2201000615F1 /* SceneDelegate.swift */; };
		306C7DDB2ACB2201000615F1 /* WishMakerViewController.swift in Sources */ = {isa = PBXBuildFile; fileRef = 306C7DDA2ACB2201000615F1 /* WishMakerViewController.swift */; };
		306C7DE02ACB2202000615F1 /* Assets.xcassets in Resources */ = {isa = PBXBuildFile; fileRef = 306C7DDF2ACB2202000615F1 /* Assets.xcassets */; };
		306C7DE32ACB2202000615F1 /* LaunchScreen.storyboard in Resources */ = {isa = PBXBuildFile; fileRef = 306C7DE12ACB2202000615F1 /* LaunchScreen.storyboard */; };
		309A7C542AD003C000E706F9 /* CustomSlider.swift in Sources */ = {isa = PBXBuildFile; fileRef = 309A7C532AD003C000E706F9 /* CustomSlider.swift */; };
		30C406792AEF21BC00356BA3 /* UIView+Pin.swift in Sources */ = {isa = PBXBuildFile; fileRef = 30C406782AEF21BC00356BA3 /* UIView+Pin.swift */; };
		30C4067B2AF04DFB00356BA3 /* WishStoringViewController.swift in Sources */ = {isa = PBXBuildFile; fileRef = 30C4067A2AF04DFB00356BA3 /* WishStoringViewController.swift */; };
		30C4067D2AF0646A00356BA3 /* WrittenWishCell.swift in Sources */ = {isa = PBXBuildFile; fileRef = 30C4067C2AF0646A00356BA3 /* WrittenWishCell.swift */; };
/* End PBXBuildFile section */

/* Begin PBXFileReference section */
		3020E98A2AFFBE9A001C918D /* AddWishCell.swift */ = {isa = PBXFileReference; lastKnownFileType = sourcecode.swift; path = AddWishCell.swift; sourceTree = "<group>"; };
		302E28B72B726EDE00FDA2E2 /* WishCalendarViewController.swift */ = {isa = PBXFileReference; lastKnownFileType = sourcecode.swift; path = WishCalendarViewController.swift; sourceTree = "<group>"; };
		302E28B92B728E0300FDA2E2 /* WishEventCell.swift */ = {isa = PBXFileReference; lastKnownFileType = sourcecode.swift; path = WishEventCell.swift; sourceTree = "<group>"; };
		302E28BB2B72905F00FDA2E2 /* WishEventModel.swift */ = {isa = PBXFileReference; lastKnownFileType = sourcecode.swift; path = WishEventModel.swift; sourceTree = "<group>"; };
		302E28BF2B729E7F00FDA2E2 /* CalendarEventModel.swift */ = {isa = PBXFileReference; lastKnownFileType = sourcecode.swift; path = CalendarEventModel.swift; sourceTree = "<group>"; };
		302E28C12B729EAE00FDA2E2 /* CalendarManaging.swift */ = {isa = PBXFileReference; lastKnownFileType = sourcecode.swift; path = CalendarManaging.swift; sourceTree = "<group>"; };
		302E28C32B729ED900FDA2E2 /* CalendarManager.swift */ = {isa = PBXFileReference; lastKnownFileType = sourcecode.swift; path = CalendarManager.swift; sourceTree = "<group>"; };
		302E28C52B72A74C00FDA2E2 /* AddEventCell.swift */ = {isa = PBXFileReference; lastKnownFileType = sourcecode.swift; path = AddEventCell.swift; sourceTree = "<group>"; };
		302E28C72B72A77800FDA2E2 /* WishEventCreationView.swift */ = {isa = PBXFileReference; lastKnownFileType = sourcecode.swift; path = WishEventCreationView.swift; sourceTree = "<group>"; };
		302E28D12B72DC0700FDA2E2 /* Eventsmodel.xcdatamodel */ = {isa = PBXFileReference; lastKnownFileType = wrapper.xcdatamodel; path = Eventsmodel.xcdatamodel; sourceTree = "<group>"; };
		306C7DD32ACB2201000615F1 /* SalyPW2.app */ = {isa = PBXFileReference; explicitFileType = wrapper.application; includeInIndex = 0; path = SalyPW2.app; sourceTree = BUILT_PRODUCTS_DIR; };
		306C7DD62ACB2201000615F1 /* AppDelegate.swift */ = {isa = PBXFileReference; lastKnownFileType = sourcecode.swift; path = AppDelegate.swift; sourceTree = "<group>"; };
		306C7DD82ACB2201000615F1 /* SceneDelegate.swift */ = {isa = PBXFileReference; lastKnownFileType = sourcecode.swift; path = SceneDelegate.swift; sourceTree = "<group>"; };
		306C7DDA2ACB2201000615F1 /* WishMakerViewController.swift */ = {isa = PBXFileReference; lastKnownFileType = sourcecode.swift; path = WishMakerViewController.swift; sourceTree = "<group>"; };
		306C7DDF2ACB2202000615F1 /* Assets.xcassets */ = {isa = PBXFileReference; lastKnownFileType = folder.assetcatalog; path = Assets.xcassets; sourceTree = "<group>"; };
		306C7DE22ACB2202000615F1 /* Base */ = {isa = PBXFileReference; lastKnownFileType = file.storyboard; name = Base; path = Base.lproj/LaunchScreen.storyboard; sourceTree = "<group>"; };
		306C7DE42ACB2202000615F1 /* Info.plist */ = {isa = PBXFileReference; lastKnownFileType = text.plist.xml; path = Info.plist; sourceTree = "<group>"; };
		309A7C532AD003C000E706F9 /* CustomSlider.swift */ = {isa = PBXFileReference; lastKnownFileType = sourcecode.swift; path = CustomSlider.swift; sourceTree = "<group>"; };
		30C406782AEF21BC00356BA3 /* UIView+Pin.swift */ = {isa = PBXFileReference; lastKnownFileType = sourcecode.swift; path = "UIView+Pin.swift"; sourceTree = "<group>"; };
		30C4067A2AF04DFB00356BA3 /* WishStoringViewController.swift */ = {isa = PBXFileReference; lastKnownFileType = sourcecode.swift; path = WishStoringViewController.swift; sourceTree = "<group>"; };
		30C4067C2AF0646A00356BA3 /* WrittenWishCell.swift */ = {isa = PBXFileReference; lastKnownFileType = sourcecode.swift; path = WrittenWishCell.swift; sourceTree = "<group>"; };
/* End PBXFileReference section */

/* Begin PBXFrameworksBuildPhase section */
		306C7DD02ACB2200000615F1 /* Frameworks */ = {
			isa = PBXFrameworksBuildPhase;
			buildActionMask = 2147483647;
			files = (
			);
			runOnlyForDeploymentPostprocessing = 0;
		};
/* End PBXFrameworksBuildPhase section */

/* Begin PBXGroup section */
		306C7DCA2ACB2200000615F1 = {
			isa = PBXGroup;
			children = (
				306C7DD52ACB2201000615F1 /* SalyPW2 */,
				306C7DD42ACB2201000615F1 /* Products */,
			);
			sourceTree = "<group>";
		};
		306C7DD42ACB2201000615F1 /* Products */ = {
			isa = PBXGroup;
			children = (
				306C7DD32ACB2201000615F1 /* SalyPW2.app */,
			);
			name = Products;
			sourceTree = "<group>";
		};
		306C7DD52ACB2201000615F1 /* SalyPW2 */ = {
			isa = PBXGroup;
			children = (
				3020E98A2AFFBE9A001C918D /* AddWishCell.swift */,
				306C7DD62ACB2201000615F1 /* AppDelegate.swift */,
				306C7DD82ACB2201000615F1 /* SceneDelegate.swift */,
				306C7DDA2ACB2201000615F1 /* WishMakerViewController.swift */,
				30C4067A2AF04DFB00356BA3 /* WishStoringViewController.swift */,
				302E28B72B726EDE00FDA2E2 /* WishCalendarViewController.swift */,
				30C4067C2AF0646A00356BA3 /* WrittenWishCell.swift */,
				30C406782AEF21BC00356BA3 /* UIView+Pin.swift */,
				309A7C532AD003C000E706F9 /* CustomSlider.swift */,
				306C7DDF2ACB2202000615F1 /* Assets.xcassets */,
				306C7DE12ACB2202000615F1 /* LaunchScreen.storyboard */,
				306C7DE42ACB2202000615F1 /* Info.plist */,
				302E28B92B728E0300FDA2E2 /* WishEventCell.swift */,
				302E28BB2B72905F00FDA2E2 /* WishEventModel.swift */,
				302E28BF2B729E7F00FDA2E2 /* CalendarEventModel.swift */,
				302E28C12B729EAE00FDA2E2 /* CalendarManaging.swift */,
				302E28C32B729ED900FDA2E2 /* CalendarManager.swift */,
				302E28C52B72A74C00FDA2E2 /* AddEventCell.swift */,
				302E28C72B72A77800FDA2E2 /* WishEventCreationView.swift */,
				302E28D02B72DC0700FDA2E2 /* Eventsmodel.xcdatamodeld */,
			);
			path = SalyPW2;
			sourceTree = "<group>";
		};
/* End PBXGroup section */

/* Begin PBXNativeTarget section */
		306C7DD22ACB2200000615F1 /* SalyPW2 */ = {
			isa = PBXNativeTarget;
			buildConfigurationList = 306C7DE72ACB2202000615F1 /* Build configuration list for PBXNativeTarget "SalyPW2" */;
			buildPhases = (
				306C7DCF2ACB2200000615F1 /* Sources */,
				306C7DD02ACB2200000615F1 /* Frameworks */,
				306C7DD12ACB2200000615F1 /* Resources */,
			);
			buildRules = (
			);
			dependencies = (
			);
			name = SalyPW2;
			productName = SalyPW2;
			productReference = 306C7DD32ACB2201000615F1 /* SalyPW2.app */;
			productType = "com.apple.product-type.application";
		};
/* End PBXNativeTarget section */

/* Begin PBXProject section */
		306C7DCB2ACB2200000615F1 /* Project object */ = {
			isa = PBXProject;
			attributes = {
				BuildIndependentTargetsInParallel = 1;
				LastSwiftUpdateCheck = 1430;
				LastUpgradeCheck = 1430;
				TargetAttributes = {
					306C7DD22ACB2200000615F1 = {
						CreatedOnToolsVersion = 14.3.1;
					};
				};
			};
			buildConfigurationList = 306C7DCE2ACB2200000615F1 /* Build configuration list for PBXProject "SalyPW2" */;
			compatibilityVersion = "Xcode 14.0";
			developmentRegion = en;
			hasScannedForEncodings = 0;
			knownRegions = (
				en,
				Base,
			);
			mainGroup = 306C7DCA2ACB2200000615F1;
			productRefGroup = 306C7DD42ACB2201000615F1 /* Products */;
			projectDirPath = "";
			projectRoot = "";
			targets = (
				306C7DD22ACB2200000615F1 /* SalyPW2 */,
			);
		};
/* End PBXProject section */

/* Begin PBXResourcesBuildPhase section */
		306C7DD12ACB2200000615F1 /* Resources */ = {
			isa = PBXResourcesBuildPhase;
			buildActionMask = 2147483647;
			files = (
				306C7DE32ACB2202000615F1 /* LaunchScreen.storyboard in Resources */,
				306C7DE02ACB2202000615F1 /* Assets.xcassets in Resources */,
			);
			runOnlyForDeploymentPostprocessing = 0;
		};
/* End PBXResourcesBuildPhase section */

/* Begin PBXSourcesBuildPhase section */
		306C7DCF2ACB2200000615F1 /* Sources */ = {
			isa = PBXSourcesBuildPhase;
			buildActionMask = 2147483647;
			files = (
				302E28B82B726EDE00FDA2E2 /* WishCalendarViewController.swift in Sources */,
				3020E98B2AFFBE9A001C918D /* AddWishCell.swift in Sources */,
				30C4067D2AF0646A00356BA3 /* WrittenWishCell.swift in Sources */,
				302E28D22B72DC0700FDA2E2 /* Eventsmodel.xcdatamodeld in Sources */,
				302E28C82B72A77800FDA2E2 /* WishEventCreationView.swift in Sources */,
				302E28C42B729ED900FDA2E2 /* CalendarManager.swift in Sources */,
				302E28C22B729EAE00FDA2E2 /* CalendarManaging.swift in Sources */,
				30C4067B2AF04DFB00356BA3 /* WishStoringViewController.swift in Sources */,
				302E28C02B729E7F00FDA2E2 /* CalendarEventModel.swift in Sources */,
				302E28BC2B72905F00FDA2E2 /* WishEventModel.swift in Sources */,
				30C406792AEF21BC00356BA3 /* UIView+Pin.swift in Sources */,
				302E28C62B72A74C00FDA2E2 /* AddEventCell.swift in Sources */,
				302E28BA2B728E0300FDA2E2 /* WishEventCell.swift in Sources */,
				306C7DDB2ACB2201000615F1 /* WishMakerViewController.swift in Sources */,
				306C7DD72ACB2201000615F1 /* AppDelegate.swift in Sources */,
				306C7DD92ACB2201000615F1 /* SceneDelegate.swift in Sources */,
				309A7C542AD003C000E706F9 /* CustomSlider.swift in Sources */,
			);
			runOnlyForDeploymentPostprocessing = 0;
		};
/* End PBXSourcesBuildPhase section */

/* Begin PBXVariantGroup section */
		306C7DE12ACB2202000615F1 /* LaunchScreen.storyboard */ = {
			isa = PBXVariantGroup;
			children = (
				306C7DE22ACB2202000615F1 /* Base */,
			);
			name = LaunchScreen.storyboard;
			sourceTree = "<group>";
		};
/* End PBXVariantGroup section */

/* Begin XCBuildConfiguration section */
		306C7DE52ACB2202000615F1 /* Debug */ = {
			isa = XCBuildConfiguration;
			buildSettings = {
				ALWAYS_SEARCH_USER_PATHS = NO;
				CLANG_ANALYZER_NONNULL = YES;
				CLANG_ANALYZER_NUMBER_OBJECT_CONVERSION = YES_AGGRESSIVE;
				CLANG_CXX_LANGUAGE_STANDARD = "gnu++20";
				CLANG_ENABLE_MODULES = YES;
				CLANG_ENABLE_OBJC_ARC = YES;
				CLANG_ENABLE_OBJC_WEAK = YES;
				CLANG_WARN_BLOCK_CAPTURE_AUTORELEASING = YES;
				CLANG_WARN_BOOL_CONVERSION = YES;
				CLANG_WARN_COMMA = YES;
				CLANG_WARN_CONSTANT_CONVERSION = YES;
				CLANG_WARN_DEPRECATED_OBJC_IMPLEMENTATIONS = YES;
				CLANG_WARN_DIRECT_OBJC_ISA_USAGE = YES_ERROR;
				CLANG_WARN_DOCUMENTATION_COMMENTS = YES;
				CLANG_WARN_EMPTY_BODY = YES;
				CLANG_WARN_ENUM_CONVERSION = YES;
				CLANG_WARN_INFINITE_RECURSION = YES;
				CLANG_WARN_INT_CONVERSION = YES;
				CLANG_WARN_NON_LITERAL_NULL_CONVERSION = YES;
				CLANG_WARN_OBJC_IMPLICIT_RETAIN_SELF = YES;
				CLANG_WARN_OBJC_LITERAL_CONVERSION = YES;
				CLANG_WARN_OBJC_ROOT_CLASS = YES_ERROR;
				CLANG_WARN_QUOTED_INCLUDE_IN_FRAMEWORK_HEADER = YES;
				CLANG_WARN_RANGE_LOOP_ANALYSIS = YES;
				CLANG_WARN_STRICT_PROTOTYPES = YES;
				CLANG_WARN_SUSPICIOUS_MOVE = YES;
				CLANG_WARN_UNGUARDED_AVAILABILITY = YES_AGGRESSIVE;
				CLANG_WARN_UNREACHABLE_CODE = YES;
				CLANG_WARN__DUPLICATE_METHOD_MATCH = YES;
				COPY_PHASE_STRIP = NO;
				DEBUG_INFORMATION_FORMAT = dwarf;
				ENABLE_STRICT_OBJC_MSGSEND = YES;
				ENABLE_TESTABILITY = YES;
				GCC_C_LANGUAGE_STANDARD = gnu11;
				GCC_DYNAMIC_NO_PIC = NO;
				GCC_NO_COMMON_BLOCKS = YES;
				GCC_OPTIMIZATION_LEVEL = 0;
				GCC_PREPROCESSOR_DEFINITIONS = (
					"DEBUG=1",
					"$(inherited)",
				);
				GCC_WARN_64_TO_32_BIT_CONVERSION = YES;
				GCC_WARN_ABOUT_RETURN_TYPE = YES_ERROR;
				GCC_WARN_UNDECLARED_SELECTOR = YES;
				GCC_WARN_UNINITIALIZED_AUTOS = YES_AGGRESSIVE;
				GCC_WARN_UNUSED_FUNCTION = YES;
				GCC_WARN_UNUSED_VARIABLE = YES;
				IPHONEOS_DEPLOYMENT_TARGET = 16.4;
				MTL_ENABLE_DEBUG_INFO = INCLUDE_SOURCE;
				MTL_FAST_MATH = YES;
				ONLY_ACTIVE_ARCH = YES;
				SDKROOT = iphoneos;
				SWIFT_ACTIVE_COMPILATION_CONDITIONS = DEBUG;
				SWIFT_OPTIMIZATION_LEVEL = "-Onone";
			};
			name = Debug;
		};
		306C7DE62ACB2202000615F1 /* Release */ = {
			isa = XCBuildConfiguration;
			buildSettings = {
				ALWAYS_SEARCH_USER_PATHS = NO;
				CLANG_ANALYZER_NONNULL = YES;
				CLANG_ANALYZER_NUMBER_OBJECT_CONVERSION = YES_AGGRESSIVE;
				CLANG_CXX_LANGUAGE_STANDARD = "gnu++20";
				CLANG_ENABLE_MODULES = YES;
				CLANG_ENABLE_OBJC_ARC = YES;
				CLANG_ENABLE_OBJC_WEAK = YES;
				CLANG_WARN_BLOCK_CAPTURE_AUTORELEASING = YES;
				CLANG_WARN_BOOL_CONVERSION = YES;
				CLANG_WARN_COMMA = YES;
				CLANG_WARN_CONSTANT_CONVERSION = YES;
				CLANG_WARN_DEPRECATED_OBJC_IMPLEMENTATIONS = YES;
				CLANG_WARN_DIRECT_OBJC_ISA_USAGE = YES_ERROR;
				CLANG_WARN_DOCUMENTATION_COMMENTS = YES;
				CLANG_WARN_EMPTY_BODY = YES;
				CLANG_WARN_ENUM_CONVERSION = YES;
				CLANG_WARN_INFINITE_RECURSION = YES;
				CLANG_WARN_INT_CONVERSION = YES;
				CLANG_WARN_NON_LITERAL_NULL_CONVERSION = YES;
				CLANG_WARN_OBJC_IMPLICIT_RETAIN_SELF = YES;
				CLANG_WARN_OBJC_LITERAL_CONVERSION = YES;
				CLANG_WARN_OBJC_ROOT_CLASS = YES_ERROR;
				CLANG_WARN_QUOTED_INCLUDE_IN_FRAMEWORK_HEADER = YES;
				CLANG_WARN_RANGE_LOOP_ANALYSIS = YES;
				CLANG_WARN_STRICT_PROTOTYPES = YES;
				CLANG_WARN_SUSPICIOUS_MOVE = YES;
				CLANG_WARN_UNGUARDED_AVAILABILITY = YES_AGGRESSIVE;
				CLANG_WARN_UNREACHABLE_CODE = YES;
				CLANG_WARN__DUPLICATE_METHOD_MATCH = YES;
				COPY_PHASE_STRIP = NO;
				DEBUG_INFORMATION_FORMAT = "dwarf-with-dsym";
				ENABLE_NS_ASSERTIONS = NO;
				ENABLE_STRICT_OBJC_MSGSEND = YES;
				GCC_C_LANGUAGE_STANDARD = gnu11;
				GCC_NO_COMMON_BLOCKS = YES;
				GCC_WARN_64_TO_32_BIT_CONVERSION = YES;
				GCC_WARN_ABOUT_RETURN_TYPE = YES_ERROR;
				GCC_WARN_UNDECLARED_SELECTOR = YES;
				GCC_WARN_UNINITIALIZED_AUTOS = YES_AGGRESSIVE;
				GCC_WARN_UNUSED_FUNCTION = YES;
				GCC_WARN_UNUSED_VARIABLE = YES;
				IPHONEOS_DEPLOYMENT_TARGET = 16.4;
				MTL_ENABLE_DEBUG_INFO = NO;
				MTL_FAST_MATH = YES;
				SDKROOT = iphoneos;
				SWIFT_COMPILATION_MODE = wholemodule;
				SWIFT_OPTIMIZATION_LEVEL = "-O";
				VALIDATE_PRODUCT = YES;
			};
			name = Release;
		};
		306C7DE82ACB2202000615F1 /* Debug */ = {
			isa = XCBuildConfiguration;
			buildSettings = {
				ASSETCATALOG_COMPILER_APPICON_NAME = AppIcon;
				ASSETCATALOG_COMPILER_GLOBAL_ACCENT_COLOR_NAME = AccentColor;
				CODE_SIGN_STYLE = Automatic;
				CURRENT_PROJECT_VERSION = 1;
				DEVELOPMENT_TEAM = 5YN4282RRA;
				GENERATE_INFOPLIST_FILE = YES;
				INFOPLIST_FILE = SalyPW2/Info.plist;
				INFOPLIST_KEY_NSCalendarsUsageDescription = "Calender access is important";
				INFOPLIST_KEY_UIApplicationSupportsIndirectInputEvents = YES;
				INFOPLIST_KEY_UILaunchStoryboardName = LaunchScreen;
				INFOPLIST_KEY_UISupportedInterfaceOrientations_iPad = "UIInterfaceOrientationPortrait UIInterfaceOrientationPortraitUpsideDown UIInterfaceOrientationLandscapeLeft UIInterfaceOrientationLandscapeRight";
				INFOPLIST_KEY_UISupportedInterfaceOrientations_iPhone = "UIInterfaceOrientationPortrait UIInterfaceOrientationLandscapeLeft UIInterfaceOrientationLandscapeRight";
				IPHONEOS_DEPLOYMENT_TARGET = 13.0;
				LD_RUNPATH_SEARCH_PATHS = (
					"$(inherited)",
					"@executable_path/Frameworks",
				);
				MARKETING_VERSION = 1.0;
				PRODUCT_BUNDLE_IDENTIFIER = seif.SalyPW2;
				PRODUCT_NAME = "$(TARGET_NAME)";
				SWIFT_EMIT_LOC_STRINGS = YES;
				SWIFT_VERSION = 5.0;
				TARGETED_DEVICE_FAMILY = "1,2";
			};
			name = Debug;
		};
		306C7DE92ACB2202000615F1 /* Release */ = {
			isa = XCBuildConfiguration;
			buildSettings = {
				ASSETCATALOG_COMPILER_APPICON_NAME = AppIcon;
				ASSETCATALOG_COMPILER_GLOBAL_ACCENT_COLOR_NAME = AccentColor;
				CODE_SIGN_STYLE = Automatic;
				CURRENT_PROJECT_VERSION = 1;
				DEVELOPMENT_TEAM = 5YN4282RRA;
				GENERATE_INFOPLIST_FILE = YES;
				INFOPLIST_FILE = SalyPW2/Info.plist;
				INFOPLIST_KEY_NSCalendarsUsageDescription = "Calender access is important";
				INFOPLIST_KEY_UIApplicationSupportsIndirectInputEvents = YES;
				INFOPLIST_KEY_UILaunchStoryboardName = LaunchScreen;
				INFOPLIST_KEY_UISupportedInterfaceOrientations_iPad = "UIInterfaceOrientationPortrait UIInterfaceOrientationPortraitUpsideDown UIInterfaceOrientationLandscapeLeft UIInterfaceOrientationLandscapeRight";
				INFOPLIST_KEY_UISupportedInterfaceOrientations_iPhone = "UIInterfaceOrientationPortrait UIInterfaceOrientationLandscapeLeft UIInterfaceOrientationLandscapeRight";
				IPHONEOS_DEPLOYMENT_TARGET = 13.0;
				LD_RUNPATH_SEARCH_PATHS = (
					"$(inherited)",
					"@executable_path/Frameworks",
				);
				MARKETING_VERSION = 1.0;
				PRODUCT_BUNDLE_IDENTIFIER = seif.SalyPW2;
				PRODUCT_NAME = "$(TARGET_NAME)";
				SWIFT_EMIT_LOC_STRINGS = YES;
				SWIFT_VERSION = 5.0;
				TARGETED_DEVICE_FAMILY = "1,2";
			};
			name = Release;
		};
/* End XCBuildConfiguration section */

/* Begin XCConfigurationList section */
		306C7DCE2ACB2200000615F1 /* Build configuration list for PBXProject "SalyPW2" */ = {
			isa = XCConfigurationList;
			buildConfigurations = (
				306C7DE52ACB2202000615F1 /* Debug */,
				306C7DE62ACB2202000615F1 /* Release */,
			);
			defaultConfigurationIsVisible = 0;
			defaultConfigurationName = Release;
		};
		306C7DE72ACB2202000615F1 /* Build configuration list for PBXNativeTarget "SalyPW2" */ = {
			isa = XCConfigurationList;
			buildConfigurations = (
				306C7DE82ACB2202000615F1 /* Debug */,
				306C7DE92ACB2202000615F1 /* Release */,
			);
			defaultConfigurationIsVisible = 0;
			defaultConfigurationName = Release;
		};
/* End XCConfigurationList section */

/* Begin XCVersionGroup section */
		302E28D02B72DC0700FDA2E2 /* Eventsmodel.xcdatamodeld */ = {
			isa = XCVersionGroup;
			children = (
				302E28D12B72DC0700FDA2E2 /* Eventsmodel.xcdatamodel */,
			);
			currentVersion = 302E28D12B72DC0700FDA2E2 /* Eventsmodel.xcdatamodel */;
			path = Eventsmodel.xcdatamodeld;
			sourceTree = "<group>";
			versionGroupType = wrapper.xcdatamodel;
		};
/* End XCVersionGroup section */
	};
	rootObject = 306C7DCB2ACB2200000615F1 /* Project object */;
}
